{
    "_readme": [
        "This file locks the dependencies of your project to a known state",
        "Read more about it at https://getcomposer.org/doc/01-basic-usage.md#installing-dependencies",
        "This file is @generated automatically"
    ],
    "content-hash": "cc26d841180b1d3ee1797705499eb0d2",
    "packages": [
        {
            "name": "plugins/static-builder",
            "version": "1.0.0",
            "source": {
                "type": "git",
                "url": "https://github.com/AndGasper/wp-build-plugin.git",
                "reference": "master"
            },
            "type": "library"
        },
        {
            "name": "wordpress/wordpress",
            "version": "5.2.1",
            "source": {
                "type": "git",
                "url": "https://develop.svn.wordpress.org/",
                "reference": "tags/5.2.1"
            },
            "dist": {
                "type": "tar",
                "url": "https://github.com/WordPress/WordPress/archive/5.2.1.tar.gz",
                "reference": "tags/5.2.1"
            },
            "type": "library"
        }
    ],
    "packages-dev": [],
    "aliases": [],
    "minimum-stability": "stable",
    "stability-flags": [],
    "prefer-stable": false,
    "prefer-lowest": false,
    "platform": {
        "php": "7.3.6"
    },
    "platform-dev": []
}
